// !$*UTF8*$!
{
	archiveVersion = 1;
	classes = {
	};
	objectVersion = 46;
	objects = {

/* Begin PBXBuildFile section */
		00C302E51ABCBA2D00DB3ED1 /* libRCTActionSheet.a in Frameworks */ = {isa = PBXBuildFile; fileRef = 00C302AC1ABCB8CE00DB3ED1 /* libRCTActionSheet.a */; };
		00C302E71ABCBA2D00DB3ED1 /* libRCTGeolocation.a in Frameworks */ = {isa = PBXBuildFile; fileRef = 00C302BA1ABCB90400DB3ED1 /* libRCTGeolocation.a */; };
		00C302E81ABCBA2D00DB3ED1 /* libRCTImage.a in Frameworks */ = {isa = PBXBuildFile; fileRef = 00C302C01ABCB91800DB3ED1 /* libRCTImage.a */; };
		00C302E91ABCBA2D00DB3ED1 /* libRCTNetwork.a in Frameworks */ = {isa = PBXBuildFile; fileRef = 00C302DC1ABCB9D200DB3ED1 /* libRCTNetwork.a */; };
		00C302EA1ABCBA2D00DB3ED1 /* libRCTVibration.a in Frameworks */ = {isa = PBXBuildFile; fileRef = 00C302E41ABCB9EE00DB3ED1 /* libRCTVibration.a */; };
		00E356F31AD99517003FC87E /* OurStoryTests.m in Sources */ = {isa = PBXBuildFile; fileRef = 00E356F21AD99517003FC87E /* OurStoryTests.m */; };
		01B7B18077EF4ECA841FCE54 /* libRCTCamera.a in Frameworks */ = {isa = PBXBuildFile; fileRef = 435C97AC43504A2B8BA08BF6 /* libRCTCamera.a */; };
		024C93F938974626811F8C8C /* Lato-ExtraLight.ttf in Resources */ = {isa = PBXBuildFile; fileRef = 3F7759ED30124F968DFD842B /* Lato-ExtraLight.ttf */; };
		094857B2708F444880FD32CA /* Lato-ExtraBold.ttf in Resources */ = {isa = PBXBuildFile; fileRef = 6C172DB971DC411E915D3CD0 /* Lato-ExtraBold.ttf */; };
		09E29C6C2E8E420D8FBB3B84 /* Lato-BoldItalic.ttf in Resources */ = {isa = PBXBuildFile; fileRef = E4F3E1D9E44446249CE1922E /* Lato-BoldItalic.ttf */; };
		129962D137F24719B03A98F8 /* Montserrat-Black.ttf in Resources */ = {isa = PBXBuildFile; fileRef = 8EE8ECBC03B346DCA1E8B6AB /* Montserrat-Black.ttf */; };
		133E29F31AD74F7200F7D852 /* libRCTLinking.a in Frameworks */ = {isa = PBXBuildFile; fileRef = 78C398B91ACF4ADC00677621 /* libRCTLinking.a */; };
		139105C61AF99C1200B5F7CC /* libRCTSettings.a in Frameworks */ = {isa = PBXBuildFile; fileRef = 139105C11AF99BAD00B5F7CC /* libRCTSettings.a */; };
		139FDEF61B0652A700C62182 /* libRCTWebSocket.a in Frameworks */ = {isa = PBXBuildFile; fileRef = 139FDEF41B06529B00C62182 /* libRCTWebSocket.a */; };
		13B07FBC1A68108700A75B9A /* AppDelegate.m in Sources */ = {isa = PBXBuildFile; fileRef = 13B07FB01A68108700A75B9A /* AppDelegate.m */; };
		13B07FBD1A68108700A75B9A /* LaunchScreen.xib in Resources */ = {isa = PBXBuildFile; fileRef = 13B07FB11A68108700A75B9A /* LaunchScreen.xib */; };
		13B07FBF1A68108700A75B9A /* Images.xcassets in Resources */ = {isa = PBXBuildFile; fileRef = 13B07FB51A68108700A75B9A /* Images.xcassets */; };
		13B07FC11A68108700A75B9A /* main.m in Sources */ = {isa = PBXBuildFile; fileRef = 13B07FB71A68108700A75B9A /* main.m */; };
		140ED2AC1D01E1AD002B40FF /* libReact.a in Frameworks */ = {isa = PBXBuildFile; fileRef = 146834041AC3E56700842450 /* libReact.a */; };
		146834051AC3E58100842450 /* libReact.a in Frameworks */ = {isa = PBXBuildFile; fileRef = 146834041AC3E56700842450 /* libReact.a */; };
		146A13B9D9DF49658962D224 /* Lato-Thin.ttf in Resources */ = {isa = PBXBuildFile; fileRef = B333DB02C8CC42B58B1C2713 /* Lato-Thin.ttf */; };
		1BD3C65B8EE6467799CFEB8E /* Montserrat-Medium.ttf in Resources */ = {isa = PBXBuildFile; fileRef = 8C01C59EC6044C67863531E3 /* Montserrat-Medium.ttf */; };
		2B40447DE0294F84A37D7E5A /* Lato-Italic.ttf in Resources */ = {isa = PBXBuildFile; fileRef = ECA756824311422993838FD8 /* Lato-Italic.ttf */; };
		35436BF4986048298936B3B8 /* Montserrat-Thin.ttf in Resources */ = {isa = PBXBuildFile; fileRef = D98DD5AAE27E4D3FBE8C5FD2 /* Montserrat-Thin.ttf */; };
		3D42FF4F1DF39377005E065E /* libRNRecorder.a in Frameworks */ = {isa = PBXBuildFile; fileRef = 3D42FF4C1DF3927B005E065E /* libRNRecorder.a */; };
		3DB9FF511DF2B75400FEE9B3 /* libReactNativeNavigation.a in Frameworks */ = {isa = PBXBuildFile; fileRef = 3DB9FF501DF2B70400FEE9B3 /* libReactNativeNavigation.a */; };
		4D53D08846F94E4DA8D0AD19 /* Lato-Bold.ttf in Resources */ = {isa = PBXBuildFile; fileRef = D8B5810B53C541A4962868AD /* Lato-Bold.ttf */; };
		50634A8952834FCF824AEF37 /* Montserrat-ExtraLight.ttf in Resources */ = {isa = PBXBuildFile; fileRef = ED01E379C52949F7AE1E20EC /* Montserrat-ExtraLight.ttf */; };
		5F48901695F54692A53E5E59 /* Lato-SemiBoldItalic.ttf in Resources */ = {isa = PBXBuildFile; fileRef = 67E18B4810764411B7BF226F /* Lato-SemiBoldItalic.ttf */; };
		6ABD461FDCBB45E3A3719A54 /* Lato-Black.ttf in Resources */ = {isa = PBXBuildFile; fileRef = 1CF4BE41E18E41459F4B4EE3 /* Lato-Black.ttf */; };
		832341BD1AAA6AB300B99B32 /* libRCTText.a in Frameworks */ = {isa = PBXBuildFile; fileRef = 832341B51AAA6A8300B99B32 /* libRCTText.a */; };
		84E3F88F6A394A9FBDA215D8 /* Montserrat-Light.ttf in Resources */ = {isa = PBXBuildFile; fileRef = CCBC1423F40547FCBBA71123 /* Montserrat-Light.ttf */; };
		88E5CE15928549ACA5756CB2 /* Montserrat-SemiBold.ttf in Resources */ = {isa = PBXBuildFile; fileRef = 0C73361FC06244B687F25D9B /* Montserrat-SemiBold.ttf */; };
		8BA703F4FC6F4CB4A019B35B /* Lato-BlackItalic.ttf in Resources */ = {isa = PBXBuildFile; fileRef = 91F7DB3E028B4E80B4A2C54E /* Lato-BlackItalic.ttf */; };
		8F20B1E7B9064A5B8C602B8D /* Lato-MediumItalic.ttf in Resources */ = {isa = PBXBuildFile; fileRef = BA0D1CB1B30D4AC7861ABDD9 /* Lato-MediumItalic.ttf */; };
		99B86D258DDE45EBBBFDC5B4 /* Lato-Regular.ttf in Resources */ = {isa = PBXBuildFile; fileRef = A640806CC2BF42F097DEF250 /* Lato-Regular.ttf */; };
		AE576B570F6049B995EE9416 /* Lato-Medium.ttf in Resources */ = {isa = PBXBuildFile; fileRef = 8B928961F7C34E0FA7AF369C /* Lato-Medium.ttf */; };
		AFA80AC5E4234225BDDAB15D /* Lato-ThinItalic.ttf in Resources */ = {isa = PBXBuildFile; fileRef = 4E5F59427DAF4788897D2236 /* Lato-ThinItalic.ttf */; };
		BB8A06080B4B4CF1AD0C225E /* libAutoGrowTextInput.a in Frameworks */ = {isa = PBXBuildFile; fileRef = D36D963C44504C76B154568D /* libAutoGrowTextInput.a */; };
		C32F74C3971A448F990A707E /* Lato-LightItalic.ttf in Resources */ = {isa = PBXBuildFile; fileRef = 1EBEF32680B74AE08AF4577A /* Lato-LightItalic.ttf */; };
		D2E634F170A045CBA3CE7C54 /* Lato-ExtraLightItalic.ttf in Resources */ = {isa = PBXBuildFile; fileRef = D9CB5CEDC23F479CAF531A6D /* Lato-ExtraLightItalic.ttf */; };
		D4389E93E7A523561CED9B51 /* Pods_OurStory.framework in Frameworks */ = {isa = PBXBuildFile; fileRef = 3D7D032B249CD949402D4561 /* Pods_OurStory.framework */; };
		D4657C00C82D4A3DAE00D5F8 /* Montserrat-ExtraBold.ttf in Resources */ = {isa = PBXBuildFile; fileRef = DB76BCDE75A94B3B9EB1566B /* Montserrat-ExtraBold.ttf */; };
		DE4F816E0E904878A01210DC /* Montserrat-Regular.ttf in Resources */ = {isa = PBXBuildFile; fileRef = 2141A9B1FEB14FBC8FB58EE1 /* Montserrat-Regular.ttf */; };
		E5321B0A19CA43539A808720 /* Lato-SemiBold.ttf in Resources */ = {isa = PBXBuildFile; fileRef = 6D587526A2484CC697C4615E /* Lato-SemiBold.ttf */; };
		E963DE0038AD4493AB94D6CD /* Lato-Light.ttf in Resources */ = {isa = PBXBuildFile; fileRef = DCDF96052AFF42C89F00B784 /* Lato-Light.ttf */; };
		E9B605A36F904F4FAB261BAF /* Montserrat-Bold.ttf in Resources */ = {isa = PBXBuildFile; fileRef = 7BD5FD9095994515AB70FE5B /* Montserrat-Bold.ttf */; };
		F896E7747A85477FAB870F93 /* Lato-ExtraBoldItalic.ttf in Resources */ = {isa = PBXBuildFile; fileRef = 6B4E691FAF0742B68C8015A0 /* Lato-ExtraBoldItalic.ttf */; };
		F9AE82674DD246FF950FA9C6 /* libRCTVideo.a in Frameworks */ = {isa = PBXBuildFile; fileRef = 77FDD23ADBAC4C228B709AF2 /* libRCTVideo.a */; };
/* End PBXBuildFile section */

/* Begin PBXContainerItemProxy section */
		00C302AB1ABCB8CE00DB3ED1 /* PBXContainerItemProxy */ = {
			isa = PBXContainerItemProxy;
			containerPortal = 00C302A71ABCB8CE00DB3ED1 /* RCTActionSheet.xcodeproj */;
			proxyType = 2;
			remoteGlobalIDString = 134814201AA4EA6300B7C361;
			remoteInfo = RCTActionSheet;
		};
		00C302B91ABCB90400DB3ED1 /* PBXContainerItemProxy */ = {
			isa = PBXContainerItemProxy;
			containerPortal = 00C302B51ABCB90400DB3ED1 /* RCTGeolocation.xcodeproj */;
			proxyType = 2;
			remoteGlobalIDString = 134814201AA4EA6300B7C361;
			remoteInfo = RCTGeolocation;
		};
		00C302BF1ABCB91800DB3ED1 /* PBXContainerItemProxy */ = {
			isa = PBXContainerItemProxy;
			containerPortal = 00C302BB1ABCB91800DB3ED1 /* RCTImage.xcodeproj */;
			proxyType = 2;
			remoteGlobalIDString = 58B5115D1A9E6B3D00147676;
			remoteInfo = RCTImage;
		};
		00C302DB1ABCB9D200DB3ED1 /* PBXContainerItemProxy */ = {
			isa = PBXContainerItemProxy;
			containerPortal = 00C302D31ABCB9D200DB3ED1 /* RCTNetwork.xcodeproj */;
			proxyType = 2;
			remoteGlobalIDString = 58B511DB1A9E6C8500147676;
			remoteInfo = RCTNetwork;
		};
		00C302E31ABCB9EE00DB3ED1 /* PBXContainerItemProxy */ = {
			isa = PBXContainerItemProxy;
			containerPortal = 00C302DF1ABCB9EE00DB3ED1 /* RCTVibration.xcodeproj */;
			proxyType = 2;
			remoteGlobalIDString = 832C81801AAF6DEF007FA2F7;
			remoteInfo = RCTVibration;
		};
		00E356F41AD99517003FC87E /* PBXContainerItemProxy */ = {
			isa = PBXContainerItemProxy;
			containerPortal = 83CBB9F71A601CBA00E9B192 /* Project object */;
			proxyType = 1;
			remoteGlobalIDString = 13B07F861A680F5B00A75B9A;
			remoteInfo = OurStory;
		};
		139105C01AF99BAD00B5F7CC /* PBXContainerItemProxy */ = {
			isa = PBXContainerItemProxy;
			containerPortal = 139105B61AF99BAD00B5F7CC /* RCTSettings.xcodeproj */;
			proxyType = 2;
			remoteGlobalIDString = 134814201AA4EA6300B7C361;
			remoteInfo = RCTSettings;
		};
		139FDEF31B06529B00C62182 /* PBXContainerItemProxy */ = {
			isa = PBXContainerItemProxy;
			containerPortal = 139FDEE61B06529A00C62182 /* RCTWebSocket.xcodeproj */;
			proxyType = 2;
			remoteGlobalIDString = 3C86DF461ADF2C930047B81A;
			remoteInfo = RCTWebSocket;
		};
		146834031AC3E56700842450 /* PBXContainerItemProxy */ = {
			isa = PBXContainerItemProxy;
			containerPortal = 146833FF1AC3E56700842450 /* React.xcodeproj */;
			proxyType = 2;
			remoteGlobalIDString = 83CBBA2E1A601D0E00E9B192;
			remoteInfo = React;
		};
		3D387A981DF1627500EA7F3F /* PBXContainerItemProxy */ = {
			isa = PBXContainerItemProxy;
			containerPortal = 3D387A931DF1627400EA7F3F /* Pods.xcodeproj */;
			proxyType = 2;
			remoteGlobalIDString = D4E87F5363B2EB54849867E44613A3E1;
			remoteInfo = "Pods-OurStory";
		};
		3D387A9A1DF1627500EA7F3F /* PBXContainerItemProxy */ = {
			isa = PBXContainerItemProxy;
			containerPortal = 3D387A931DF1627400EA7F3F /* Pods.xcodeproj */;
			proxyType = 2;
			remoteGlobalIDString = C9D12940851A27E30E8CE52BC0258967;
			remoteInfo = React;
		};
		3D42FF4B1DF3927B005E065E /* PBXContainerItemProxy */ = {
			isa = PBXContainerItemProxy;
			containerPortal = 3D42FF311DF3927B005E065E /* RNRecorder.xcodeproj */;
			proxyType = 2;
			remoteGlobalIDString = D42CB3511B2538DE00FD0AE2;
			remoteInfo = RNRecorder;
		};
		3D42FF4D1DF3927B005E065E /* PBXContainerItemProxy */ = {
			isa = PBXContainerItemProxy;
			containerPortal = 3D42FF311DF3927B005E065E /* RNRecorder.xcodeproj */;
			proxyType = 2;
			remoteGlobalIDString = D42CB35C1B2538DE00FD0AE2;
			remoteInfo = RNRecorderTests;
		};
		3D42FF731DF3950B005E065E /* PBXContainerItemProxy */ = {
			isa = PBXContainerItemProxy;
			containerPortal = 9A6A7FCADA6E4C6EB3DE9C25 /* RCTVideo.xcodeproj */;
			proxyType = 2;
			remoteGlobalIDString = 134814201AA4EA6300B7C361;
			remoteInfo = RCTVideo;
		};
		3D42FF911DF397B8005E065E /* PBXContainerItemProxy */ = {
			isa = PBXContainerItemProxy;
			containerPortal = D6267ECE7A454AFA8F855648 /* RCTCamera.xcodeproj */;
			proxyType = 2;
			remoteGlobalIDString = 4107012F1ACB723B00C6AA39;
			remoteInfo = RCTCamera;
		};
		3D4668C21DFA71E6005A5543 /* PBXContainerItemProxy */ = {
			isa = PBXContainerItemProxy;
			containerPortal = 14FFB1EE49244E9A9813F84B /* AutoGrowTextInput.xcodeproj */;
			proxyType = 2;
			remoteGlobalIDString = D81C36501CDB667F00777FB9;
			remoteInfo = AutoGrowTextInput;
		};
		3DB9FF4F1DF2B70400FEE9B3 /* PBXContainerItemProxy */ = {
			isa = PBXContainerItemProxy;
			containerPortal = 3DB9FF381DF2B70400FEE9B3 /* ReactNativeNavigation.xcodeproj */;
			proxyType = 2;
			remoteGlobalIDString = D8AFADBD1BEE6F3F00A4592D;
			remoteInfo = ReactNativeNavigation;
		};
		3DDA12F01DF144F700798975 /* PBXContainerItemProxy */ = {
			isa = PBXContainerItemProxy;
			containerPortal = 00C302BB1ABCB91800DB3ED1 /* RCTImage.xcodeproj */;
			proxyType = 2;
			remoteGlobalIDString = 2D2A283A1D9B042B00D4039D;
			remoteInfo = "RCTImage-tvOS";
		};
		3DDA12F41DF144F700798975 /* PBXContainerItemProxy */ = {
			isa = PBXContainerItemProxy;
			containerPortal = 78C398B01ACF4ADC00677621 /* RCTLinking.xcodeproj */;
			proxyType = 2;
			remoteGlobalIDString = 2D2A28471D9B043800D4039D;
			remoteInfo = "RCTLinking-tvOS";
		};
		3DDA12F81DF144F700798975 /* PBXContainerItemProxy */ = {
			isa = PBXContainerItemProxy;
			containerPortal = 00C302D31ABCB9D200DB3ED1 /* RCTNetwork.xcodeproj */;
			proxyType = 2;
			remoteGlobalIDString = 2D2A28541D9B044C00D4039D;
			remoteInfo = "RCTNetwork-tvOS";
		};
		3DDA12FC1DF144F700798975 /* PBXContainerItemProxy */ = {
			isa = PBXContainerItemProxy;
			containerPortal = 139105B61AF99BAD00B5F7CC /* RCTSettings.xcodeproj */;
			proxyType = 2;
			remoteGlobalIDString = 2D2A28611D9B046600D4039D;
			remoteInfo = "RCTSettings-tvOS";
		};
		3DDA13001DF144F700798975 /* PBXContainerItemProxy */ = {
			isa = PBXContainerItemProxy;
			containerPortal = 832341B01AAA6A8300B99B32 /* RCTText.xcodeproj */;
			proxyType = 2;
			remoteGlobalIDString = 2D2A287B1D9B048500D4039D;
			remoteInfo = "RCTText-tvOS";
		};
		3DDA13051DF144F700798975 /* PBXContainerItemProxy */ = {
			isa = PBXContainerItemProxy;
			containerPortal = 139FDEE61B06529A00C62182 /* RCTWebSocket.xcodeproj */;
			proxyType = 2;
			remoteGlobalIDString = 2D2A28881D9B049200D4039D;
			remoteInfo = "RCTWebSocket-tvOS";
		};
		3DDA13091DF144F700798975 /* PBXContainerItemProxy */ = {
			isa = PBXContainerItemProxy;
			containerPortal = 146833FF1AC3E56700842450 /* React.xcodeproj */;
			proxyType = 2;
			remoteGlobalIDString = 2D2A28131D9B038B00D4039D;
			remoteInfo = "React-tvOS";
		};
		78C398B81ACF4ADC00677621 /* PBXContainerItemProxy */ = {
			isa = PBXContainerItemProxy;
			containerPortal = 78C398B01ACF4ADC00677621 /* RCTLinking.xcodeproj */;
			proxyType = 2;
			remoteGlobalIDString = 134814201AA4EA6300B7C361;
			remoteInfo = RCTLinking;
		};
		832341B41AAA6A8300B99B32 /* PBXContainerItemProxy */ = {
			isa = PBXContainerItemProxy;
			containerPortal = 832341B01AAA6A8300B99B32 /* RCTText.xcodeproj */;
			proxyType = 2;
			remoteGlobalIDString = 58B5119B1A9E6C1200147676;
			remoteInfo = RCTText;
		};
/* End PBXContainerItemProxy section */

/* Begin PBXFileReference section */
		008F07F21AC5B25A0029DE68 /* main.jsbundle */ = {isa = PBXFileReference; fileEncoding = 4; lastKnownFileType = text; path = main.jsbundle; sourceTree = "<group>"; };
		00C302A71ABCB8CE00DB3ED1 /* RCTActionSheet.xcodeproj */ = {isa = PBXFileReference; lastKnownFileType = "wrapper.pb-project"; name = RCTActionSheet.xcodeproj; path = "../node_modules/react-native/Libraries/ActionSheetIOS/RCTActionSheet.xcodeproj"; sourceTree = "<group>"; };
		00C302B51ABCB90400DB3ED1 /* RCTGeolocation.xcodeproj */ = {isa = PBXFileReference; lastKnownFileType = "wrapper.pb-project"; name = RCTGeolocation.xcodeproj; path = "../node_modules/react-native/Libraries/Geolocation/RCTGeolocation.xcodeproj"; sourceTree = "<group>"; };
		00C302BB1ABCB91800DB3ED1 /* RCTImage.xcodeproj */ = {isa = PBXFileReference; lastKnownFileType = "wrapper.pb-project"; name = RCTImage.xcodeproj; path = "../node_modules/react-native/Libraries/Image/RCTImage.xcodeproj"; sourceTree = "<group>"; };
		00C302D31ABCB9D200DB3ED1 /* RCTNetwork.xcodeproj */ = {isa = PBXFileReference; lastKnownFileType = "wrapper.pb-project"; name = RCTNetwork.xcodeproj; path = "../node_modules/react-native/Libraries/Network/RCTNetwork.xcodeproj"; sourceTree = "<group>"; };
		00C302DF1ABCB9EE00DB3ED1 /* RCTVibration.xcodeproj */ = {isa = PBXFileReference; lastKnownFileType = "wrapper.pb-project"; name = RCTVibration.xcodeproj; path = "../node_modules/react-native/Libraries/Vibration/RCTVibration.xcodeproj"; sourceTree = "<group>"; };
		00E356EE1AD99517003FC87E /* OurStoryTests.xctest */ = {isa = PBXFileReference; explicitFileType = wrapper.cfbundle; includeInIndex = 0; path = OurStoryTests.xctest; sourceTree = BUILT_PRODUCTS_DIR; };
		00E356F11AD99517003FC87E /* Info.plist */ = {isa = PBXFileReference; lastKnownFileType = text.plist.xml; path = Info.plist; sourceTree = "<group>"; };
		00E356F21AD99517003FC87E /* OurStoryTests.m */ = {isa = PBXFileReference; lastKnownFileType = sourcecode.c.objc; path = OurStoryTests.m; sourceTree = "<group>"; };
		0C73361FC06244B687F25D9B /* Montserrat-SemiBold.ttf */ = {isa = PBXFileReference; explicitFileType = undefined; fileEncoding = 9; includeInIndex = 0; lastKnownFileType = unknown; name = "Montserrat-SemiBold.ttf"; path = "../assets/fonts/montserrat/Montserrat-SemiBold.ttf"; sourceTree = "<group>"; };
		139105B61AF99BAD00B5F7CC /* RCTSettings.xcodeproj */ = {isa = PBXFileReference; lastKnownFileType = "wrapper.pb-project"; name = RCTSettings.xcodeproj; path = "../node_modules/react-native/Libraries/Settings/RCTSettings.xcodeproj"; sourceTree = "<group>"; };
		139FDEE61B06529A00C62182 /* RCTWebSocket.xcodeproj */ = {isa = PBXFileReference; lastKnownFileType = "wrapper.pb-project"; name = RCTWebSocket.xcodeproj; path = "../node_modules/react-native/Libraries/WebSocket/RCTWebSocket.xcodeproj"; sourceTree = "<group>"; };
		13B07F961A680F5B00A75B9A /* OurStory.app */ = {isa = PBXFileReference; explicitFileType = wrapper.application; includeInIndex = 0; path = OurStory.app; sourceTree = BUILT_PRODUCTS_DIR; };
		13B07FAF1A68108700A75B9A /* AppDelegate.h */ = {isa = PBXFileReference; fileEncoding = 4; lastKnownFileType = sourcecode.c.h; name = AppDelegate.h; path = OurStory/AppDelegate.h; sourceTree = "<group>"; };
		13B07FB01A68108700A75B9A /* AppDelegate.m */ = {isa = PBXFileReference; fileEncoding = 4; lastKnownFileType = sourcecode.c.objc; name = AppDelegate.m; path = OurStory/AppDelegate.m; sourceTree = "<group>"; };
		13B07FB21A68108700A75B9A /* Base */ = {isa = PBXFileReference; lastKnownFileType = file.xib; name = Base; path = Base.lproj/LaunchScreen.xib; sourceTree = "<group>"; };
		13B07FB51A68108700A75B9A /* Images.xcassets */ = {isa = PBXFileReference; lastKnownFileType = folder.assetcatalog; name = Images.xcassets; path = OurStory/Images.xcassets; sourceTree = "<group>"; };
		13B07FB61A68108700A75B9A /* Info.plist */ = {isa = PBXFileReference; fileEncoding = 4; lastKnownFileType = text.plist.xml; name = Info.plist; path = OurStory/Info.plist; sourceTree = "<group>"; };
		13B07FB71A68108700A75B9A /* main.m */ = {isa = PBXFileReference; fileEncoding = 4; lastKnownFileType = sourcecode.c.objc; name = main.m; path = OurStory/main.m; sourceTree = "<group>"; };
		146833FF1AC3E56700842450 /* React.xcodeproj */ = {isa = PBXFileReference; lastKnownFileType = "wrapper.pb-project"; name = React.xcodeproj; path = "../node_modules/react-native/React/React.xcodeproj"; sourceTree = "<group>"; };
		14FFB1EE49244E9A9813F84B /* AutoGrowTextInput.xcodeproj */ = {isa = PBXFileReference; explicitFileType = undefined; fileEncoding = 9; includeInIndex = 0; lastKnownFileType = "wrapper.pb-project"; name = AutoGrowTextInput.xcodeproj; path = "../node_modules/react-native-autogrow-textinput/ios/AutoGrowTextInput.xcodeproj"; sourceTree = "<group>"; };
		1CF4BE41E18E41459F4B4EE3 /* Lato-Black.ttf */ = {isa = PBXFileReference; explicitFileType = undefined; fileEncoding = 9; includeInIndex = 0; lastKnownFileType = unknown; name = "Lato-Black.ttf"; path = "../assets/fonts/lato/Lato-Black.ttf"; sourceTree = "<group>"; };
		1EBEF32680B74AE08AF4577A /* Lato-LightItalic.ttf */ = {isa = PBXFileReference; explicitFileType = undefined; fileEncoding = 9; includeInIndex = 0; lastKnownFileType = unknown; name = "Lato-LightItalic.ttf"; path = "../assets/fonts/lato/Lato-LightItalic.ttf"; sourceTree = "<group>"; };
		2141A9B1FEB14FBC8FB58EE1 /* Montserrat-Regular.ttf */ = {isa = PBXFileReference; explicitFileType = undefined; fileEncoding = 9; includeInIndex = 0; lastKnownFileType = unknown; name = "Montserrat-Regular.ttf"; path = "../assets/fonts/montserrat/Montserrat-Regular.ttf"; sourceTree = "<group>"; };
		3D387A931DF1627400EA7F3F /* Pods.xcodeproj */ = {isa = PBXFileReference; lastKnownFileType = "wrapper.pb-project"; name = Pods.xcodeproj; path = ../Pods/Pods.xcodeproj; sourceTree = "<group>"; };
		3D42FF311DF3927B005E065E /* RNRecorder.xcodeproj */ = {isa = PBXFileReference; lastKnownFileType = "wrapper.pb-project"; name = RNRecorder.xcodeproj; path = "../node_modules/react-native-screcorder/ios/RNRecorder.xcodeproj"; sourceTree = "<group>"; };
		3D7D032B249CD949402D4561 /* Pods_OurStory.framework */ = {isa = PBXFileReference; explicitFileType = wrapper.framework; includeInIndex = 0; path = Pods_OurStory.framework; sourceTree = BUILT_PRODUCTS_DIR; };
		3DB9FF381DF2B70400FEE9B3 /* ReactNativeNavigation.xcodeproj */ = {isa = PBXFileReference; lastKnownFileType = "wrapper.pb-project"; name = ReactNativeNavigation.xcodeproj; path = "../node_modules/react-native-navigation/ios/ReactNativeNavigation.xcodeproj"; sourceTree = "<group>"; };
		3F7759ED30124F968DFD842B /* Lato-ExtraLight.ttf */ = {isa = PBXFileReference; explicitFileType = undefined; fileEncoding = 9; includeInIndex = 0; lastKnownFileType = unknown; name = "Lato-ExtraLight.ttf"; path = "../assets/fonts/lato/Lato-ExtraLight.ttf"; sourceTree = "<group>"; };
		435C97AC43504A2B8BA08BF6 /* libRCTCamera.a */ = {isa = PBXFileReference; explicitFileType = undefined; fileEncoding = 9; includeInIndex = 0; lastKnownFileType = archive.ar; path = libRCTCamera.a; sourceTree = "<group>"; };
		4E5F59427DAF4788897D2236 /* Lato-ThinItalic.ttf */ = {isa = PBXFileReference; explicitFileType = undefined; fileEncoding = 9; includeInIndex = 0; lastKnownFileType = unknown; name = "Lato-ThinItalic.ttf"; path = "../assets/fonts/lato/Lato-ThinItalic.ttf"; sourceTree = "<group>"; };
		67E18B4810764411B7BF226F /* Lato-SemiBoldItalic.ttf */ = {isa = PBXFileReference; explicitFileType = undefined; fileEncoding = 9; includeInIndex = 0; lastKnownFileType = unknown; name = "Lato-SemiBoldItalic.ttf"; path = "../assets/fonts/lato/Lato-SemiBoldItalic.ttf"; sourceTree = "<group>"; };
		69E25CD2A6659911A0BF48A6 /* Pods-OurStory.debug.xcconfig */ = {isa = PBXFileReference; includeInIndex = 1; lastKnownFileType = text.xcconfig; name = "Pods-OurStory.debug.xcconfig"; path = "../Pods/Target Support Files/Pods-OurStory/Pods-OurStory.debug.xcconfig"; sourceTree = "<group>"; };
		6B4E691FAF0742B68C8015A0 /* Lato-ExtraBoldItalic.ttf */ = {isa = PBXFileReference; explicitFileType = undefined; fileEncoding = 9; includeInIndex = 0; lastKnownFileType = unknown; name = "Lato-ExtraBoldItalic.ttf"; path = "../assets/fonts/lato/Lato-ExtraBoldItalic.ttf"; sourceTree = "<group>"; };
		6C172DB971DC411E915D3CD0 /* Lato-ExtraBold.ttf */ = {isa = PBXFileReference; explicitFileType = undefined; fileEncoding = 9; includeInIndex = 0; lastKnownFileType = unknown; name = "Lato-ExtraBold.ttf"; path = "../assets/fonts/lato/Lato-ExtraBold.ttf"; sourceTree = "<group>"; };
		6D587526A2484CC697C4615E /* Lato-SemiBold.ttf */ = {isa = PBXFileReference; explicitFileType = undefined; fileEncoding = 9; includeInIndex = 0; lastKnownFileType = unknown; name = "Lato-SemiBold.ttf"; path = "../assets/fonts/lato/Lato-SemiBold.ttf"; sourceTree = "<group>"; };
		77FDD23ADBAC4C228B709AF2 /* libRCTVideo.a */ = {isa = PBXFileReference; explicitFileType = undefined; fileEncoding = 9; includeInIndex = 0; lastKnownFileType = archive.ar; path = libRCTVideo.a; sourceTree = "<group>"; };
		78C398B01ACF4ADC00677621 /* RCTLinking.xcodeproj */ = {isa = PBXFileReference; lastKnownFileType = "wrapper.pb-project"; name = RCTLinking.xcodeproj; path = "../node_modules/react-native/Libraries/LinkingIOS/RCTLinking.xcodeproj"; sourceTree = "<group>"; };
		7BD5FD9095994515AB70FE5B /* Montserrat-Bold.ttf */ = {isa = PBXFileReference; explicitFileType = undefined; fileEncoding = 9; includeInIndex = 0; lastKnownFileType = unknown; name = "Montserrat-Bold.ttf"; path = "../assets/fonts/montserrat/Montserrat-Bold.ttf"; sourceTree = "<group>"; };
		832341B01AAA6A8300B99B32 /* RCTText.xcodeproj */ = {isa = PBXFileReference; lastKnownFileType = "wrapper.pb-project"; name = RCTText.xcodeproj; path = "../node_modules/react-native/Libraries/Text/RCTText.xcodeproj"; sourceTree = "<group>"; };
		8B928961F7C34E0FA7AF369C /* Lato-Medium.ttf */ = {isa = PBXFileReference; explicitFileType = undefined; fileEncoding = 9; includeInIndex = 0; lastKnownFileType = unknown; name = "Lato-Medium.ttf"; path = "../assets/fonts/lato/Lato-Medium.ttf"; sourceTree = "<group>"; };
		8C01C59EC6044C67863531E3 /* Montserrat-Medium.ttf */ = {isa = PBXFileReference; explicitFileType = undefined; fileEncoding = 9; includeInIndex = 0; lastKnownFileType = unknown; name = "Montserrat-Medium.ttf"; path = "../assets/fonts/montserrat/Montserrat-Medium.ttf"; sourceTree = "<group>"; };
		8EE8ECBC03B346DCA1E8B6AB /* Montserrat-Black.ttf */ = {isa = PBXFileReference; explicitFileType = undefined; fileEncoding = 9; includeInIndex = 0; lastKnownFileType = unknown; name = "Montserrat-Black.ttf"; path = "../assets/fonts/montserrat/Montserrat-Black.ttf"; sourceTree = "<group>"; };
		91F7DB3E028B4E80B4A2C54E /* Lato-BlackItalic.ttf */ = {isa = PBXFileReference; explicitFileType = undefined; fileEncoding = 9; includeInIndex = 0; lastKnownFileType = unknown; name = "Lato-BlackItalic.ttf"; path = "../assets/fonts/lato/Lato-BlackItalic.ttf"; sourceTree = "<group>"; };
		9A6A7FCADA6E4C6EB3DE9C25 /* RCTVideo.xcodeproj */ = {isa = PBXFileReference; explicitFileType = undefined; fileEncoding = 9; includeInIndex = 0; lastKnownFileType = "wrapper.pb-project"; name = RCTVideo.xcodeproj; path = "../node_modules/react-native-video/RCTVideo.xcodeproj"; sourceTree = "<group>"; };
		A640806CC2BF42F097DEF250 /* Lato-Regular.ttf */ = {isa = PBXFileReference; explicitFileType = undefined; fileEncoding = 9; includeInIndex = 0; lastKnownFileType = unknown; name = "Lato-Regular.ttf"; path = "../assets/fonts/lato/Lato-Regular.ttf"; sourceTree = "<group>"; };
		B170761F7BB0E0FE75C2B653 /* Pods-OurStory.release.xcconfig */ = {isa = PBXFileReference; includeInIndex = 1; lastKnownFileType = text.xcconfig; name = "Pods-OurStory.release.xcconfig"; path = "../Pods/Target Support Files/Pods-OurStory/Pods-OurStory.release.xcconfig"; sourceTree = "<group>"; };
		B333DB02C8CC42B58B1C2713 /* Lato-Thin.ttf */ = {isa = PBXFileReference; explicitFileType = undefined; fileEncoding = 9; includeInIndex = 0; lastKnownFileType = unknown; name = "Lato-Thin.ttf"; path = "../assets/fonts/lato/Lato-Thin.ttf"; sourceTree = "<group>"; };
		BA0D1CB1B30D4AC7861ABDD9 /* Lato-MediumItalic.ttf */ = {isa = PBXFileReference; explicitFileType = undefined; fileEncoding = 9; includeInIndex = 0; lastKnownFileType = unknown; name = "Lato-MediumItalic.ttf"; path = "../assets/fonts/lato/Lato-MediumItalic.ttf"; sourceTree = "<group>"; };
		CCBC1423F40547FCBBA71123 /* Montserrat-Light.ttf */ = {isa = PBXFileReference; explicitFileType = undefined; fileEncoding = 9; includeInIndex = 0; lastKnownFileType = unknown; name = "Montserrat-Light.ttf"; path = "../assets/fonts/montserrat/Montserrat-Light.ttf"; sourceTree = "<group>"; };
		D36D963C44504C76B154568D /* libAutoGrowTextInput.a */ = {isa = PBXFileReference; explicitFileType = undefined; fileEncoding = 9; includeInIndex = 0; lastKnownFileType = archive.ar; path = libAutoGrowTextInput.a; sourceTree = "<group>"; };
		D6267ECE7A454AFA8F855648 /* RCTCamera.xcodeproj */ = {isa = PBXFileReference; explicitFileType = undefined; fileEncoding = 9; includeInIndex = 0; lastKnownFileType = "wrapper.pb-project"; name = RCTCamera.xcodeproj; path = "../node_modules/react-native-camera/ios/RCTCamera.xcodeproj"; sourceTree = "<group>"; };
		D8B5810B53C541A4962868AD /* Lato-Bold.ttf */ = {isa = PBXFileReference; explicitFileType = undefined; fileEncoding = 9; includeInIndex = 0; lastKnownFileType = unknown; name = "Lato-Bold.ttf"; path = "../assets/fonts/lato/Lato-Bold.ttf"; sourceTree = "<group>"; };
		D98DD5AAE27E4D3FBE8C5FD2 /* Montserrat-Thin.ttf */ = {isa = PBXFileReference; explicitFileType = undefined; fileEncoding = 9; includeInIndex = 0; lastKnownFileType = unknown; name = "Montserrat-Thin.ttf"; path = "../assets/fonts/montserrat/Montserrat-Thin.ttf"; sourceTree = "<group>"; };
		D9CB5CEDC23F479CAF531A6D /* Lato-ExtraLightItalic.ttf */ = {isa = PBXFileReference; explicitFileType = undefined; fileEncoding = 9; includeInIndex = 0; lastKnownFileType = unknown; name = "Lato-ExtraLightItalic.ttf"; path = "../assets/fonts/lato/Lato-ExtraLightItalic.ttf"; sourceTree = "<group>"; };
		DB76BCDE75A94B3B9EB1566B /* Montserrat-ExtraBold.ttf */ = {isa = PBXFileReference; explicitFileType = undefined; fileEncoding = 9; includeInIndex = 0; lastKnownFileType = unknown; name = "Montserrat-ExtraBold.ttf"; path = "../assets/fonts/montserrat/Montserrat-ExtraBold.ttf"; sourceTree = "<group>"; };
		DCDF96052AFF42C89F00B784 /* Lato-Light.ttf */ = {isa = PBXFileReference; explicitFileType = undefined; fileEncoding = 9; includeInIndex = 0; lastKnownFileType = unknown; name = "Lato-Light.ttf"; path = "../assets/fonts/lato/Lato-Light.ttf"; sourceTree = "<group>"; };
		E4F3E1D9E44446249CE1922E /* Lato-BoldItalic.ttf */ = {isa = PBXFileReference; explicitFileType = undefined; fileEncoding = 9; includeInIndex = 0; lastKnownFileType = unknown; name = "Lato-BoldItalic.ttf"; path = "../assets/fonts/lato/Lato-BoldItalic.ttf"; sourceTree = "<group>"; };
		ECA756824311422993838FD8 /* Lato-Italic.ttf */ = {isa = PBXFileReference; explicitFileType = undefined; fileEncoding = 9; includeInIndex = 0; lastKnownFileType = unknown; name = "Lato-Italic.ttf"; path = "../assets/fonts/lato/Lato-Italic.ttf"; sourceTree = "<group>"; };
		ED01E379C52949F7AE1E20EC /* Montserrat-ExtraLight.ttf */ = {isa = PBXFileReference; explicitFileType = undefined; fileEncoding = 9; includeInIndex = 0; lastKnownFileType = unknown; name = "Montserrat-ExtraLight.ttf"; path = "../assets/fonts/montserrat/Montserrat-ExtraLight.ttf"; sourceTree = "<group>"; };
/* End PBXFileReference section */

/* Begin PBXFrameworksBuildPhase section */
		00E356EB1AD99517003FC87E /* Frameworks */ = {
			isa = PBXFrameworksBuildPhase;
			buildActionMask = 2147483647;
			files = (
				140ED2AC1D01E1AD002B40FF /* libReact.a in Frameworks */,
			);
			runOnlyForDeploymentPostprocessing = 0;
		};
		13B07F8C1A680F5B00A75B9A /* Frameworks */ = {
			isa = PBXFrameworksBuildPhase;
			buildActionMask = 2147483647;
			files = (
				3D42FF4F1DF39377005E065E /* libRNRecorder.a in Frameworks */,
				3DB9FF511DF2B75400FEE9B3 /* libReactNativeNavigation.a in Frameworks */,
				146834051AC3E58100842450 /* libReact.a in Frameworks */,
				00C302E51ABCBA2D00DB3ED1 /* libRCTActionSheet.a in Frameworks */,
				00C302E71ABCBA2D00DB3ED1 /* libRCTGeolocation.a in Frameworks */,
				00C302E81ABCBA2D00DB3ED1 /* libRCTImage.a in Frameworks */,
				133E29F31AD74F7200F7D852 /* libRCTLinking.a in Frameworks */,
				00C302E91ABCBA2D00DB3ED1 /* libRCTNetwork.a in Frameworks */,
				139105C61AF99C1200B5F7CC /* libRCTSettings.a in Frameworks */,
				832341BD1AAA6AB300B99B32 /* libRCTText.a in Frameworks */,
				00C302EA1ABCBA2D00DB3ED1 /* libRCTVibration.a in Frameworks */,
				139FDEF61B0652A700C62182 /* libRCTWebSocket.a in Frameworks */,
				D4389E93E7A523561CED9B51 /* Pods_OurStory.framework in Frameworks */,
				F9AE82674DD246FF950FA9C6 /* libRCTVideo.a in Frameworks */,
				01B7B18077EF4ECA841FCE54 /* libRCTCamera.a in Frameworks */,
				BB8A06080B4B4CF1AD0C225E /* libAutoGrowTextInput.a in Frameworks */,
			);
			runOnlyForDeploymentPostprocessing = 0;
		};
/* End PBXFrameworksBuildPhase section */

/* Begin PBXGroup section */
		00C302A81ABCB8CE00DB3ED1 /* Products */ = {
			isa = PBXGroup;
			children = (
				00C302AC1ABCB8CE00DB3ED1 /* libRCTActionSheet.a */,
			);
			name = Products;
			sourceTree = "<group>";
		};
		00C302B61ABCB90400DB3ED1 /* Products */ = {
			isa = PBXGroup;
			children = (
				00C302BA1ABCB90400DB3ED1 /* libRCTGeolocation.a */,
			);
			name = Products;
			sourceTree = "<group>";
		};
		00C302BC1ABCB91800DB3ED1 /* Products */ = {
			isa = PBXGroup;
			children = (
				00C302C01ABCB91800DB3ED1 /* libRCTImage.a */,
				3DDA12F11DF144F700798975 /* libRCTImage-tvOS.a */,
			);
			name = Products;
			sourceTree = "<group>";
		};
		00C302D41ABCB9D200DB3ED1 /* Products */ = {
			isa = PBXGroup;
			children = (
				00C302DC1ABCB9D200DB3ED1 /* libRCTNetwork.a */,
				3DDA12F91DF144F700798975 /* libRCTNetwork-tvOS.a */,
			);
			name = Products;
			sourceTree = "<group>";
		};
		00C302E01ABCB9EE00DB3ED1 /* Products */ = {
			isa = PBXGroup;
			children = (
				00C302E41ABCB9EE00DB3ED1 /* libRCTVibration.a */,
			);
			name = Products;
			sourceTree = "<group>";
		};
		00E356EF1AD99517003FC87E /* OurStoryTests */ = {
			isa = PBXGroup;
			children = (
				00E356F21AD99517003FC87E /* OurStoryTests.m */,
				00E356F01AD99517003FC87E /* Supporting Files */,
			);
			path = OurStoryTests;
			sourceTree = "<group>";
		};
		00E356F01AD99517003FC87E /* Supporting Files */ = {
			isa = PBXGroup;
			children = (
				00E356F11AD99517003FC87E /* Info.plist */,
			);
			name = "Supporting Files";
			sourceTree = "<group>";
		};
		139105B71AF99BAD00B5F7CC /* Products */ = {
			isa = PBXGroup;
			children = (
				139105C11AF99BAD00B5F7CC /* libRCTSettings.a */,
				3DDA12FD1DF144F700798975 /* libRCTSettings-tvOS.a */,
			);
			name = Products;
			sourceTree = "<group>";
		};
		139FDEE71B06529A00C62182 /* Products */ = {
			isa = PBXGroup;
			children = (
				139FDEF41B06529B00C62182 /* libRCTWebSocket.a */,
				3DDA13061DF144F700798975 /* libRCTWebSocket-tvOS.a */,
			);
			name = Products;
			sourceTree = "<group>";
		};
		13B07FAE1A68108700A75B9A /* OurStory */ = {
			isa = PBXGroup;
			children = (
				008F07F21AC5B25A0029DE68 /* main.jsbundle */,
				13B07FAF1A68108700A75B9A /* AppDelegate.h */,
				13B07FB01A68108700A75B9A /* AppDelegate.m */,
				13B07FB51A68108700A75B9A /* Images.xcassets */,
				13B07FB61A68108700A75B9A /* Info.plist */,
				13B07FB11A68108700A75B9A /* LaunchScreen.xib */,
				13B07FB71A68108700A75B9A /* main.m */,
			);
			name = OurStory;
			sourceTree = "<group>";
		};
		146834001AC3E56700842450 /* Products */ = {
			isa = PBXGroup;
			children = (
				146834041AC3E56700842450 /* libReact.a */,
				3DDA130A1DF144F700798975 /* libReact-tvOS.a */,
			);
			name = Products;
			sourceTree = "<group>";
		};
		2144C7EEE6B548A936C21DB4 /* Frameworks */ = {
			isa = PBXGroup;
			children = (
				3D7D032B249CD949402D4561 /* Pods_OurStory.framework */,
			);
			name = Frameworks;
			sourceTree = "<group>";
		};
		3D387A941DF1627400EA7F3F /* Products */ = {
			isa = PBXGroup;
			children = (
				3D387A991DF1627500EA7F3F /* Pods_OurStory.framework */,
				3D387A9B1DF1627500EA7F3F /* React.framework */,
			);
			name = Products;
			sourceTree = "<group>";
		};
		3D42FF321DF3927B005E065E /* Products */ = {
			isa = PBXGroup;
			children = (
				3D42FF4C1DF3927B005E065E /* libRNRecorder.a */,
				3D42FF4E1DF3927B005E065E /* RNRecorderTests.xctest */,
			);
			name = Products;
			sourceTree = "<group>";
		};
		3D42FF611DF3950B005E065E /* Products */ = {
			isa = PBXGroup;
			children = (
				3D42FF741DF3950B005E065E /* libRCTVideo.a */,
			);
			name = Products;
			sourceTree = "<group>";
		};
		3D42FF8B1DF397B8005E065E /* Products */ = {
			isa = PBXGroup;
			children = (
				3D42FF921DF397B8005E065E /* libRCTCamera.a */,
			);
			name = Products;
			sourceTree = "<group>";
		};
		3D4668BF1DFA71E6005A5543 /* Products */ = {
			isa = PBXGroup;
			children = (
				3D4668C31DFA71E6005A5543 /* libAutoGrowTextInput.a */,
			);
			name = Products;
			sourceTree = "<group>";
		};
		3DB9FF391DF2B70400FEE9B3 /* Products */ = {
			isa = PBXGroup;
			children = (
				3DB9FF501DF2B70400FEE9B3 /* libReactNativeNavigation.a */,
			);
			name = Products;
			sourceTree = "<group>";
		};
		5EAA592D834A4377B784952E /* Resources */ = {
			isa = PBXGroup;
			children = (
				1CF4BE41E18E41459F4B4EE3 /* Lato-Black.ttf */,
				91F7DB3E028B4E80B4A2C54E /* Lato-BlackItalic.ttf */,
				D8B5810B53C541A4962868AD /* Lato-Bold.ttf */,
				E4F3E1D9E44446249CE1922E /* Lato-BoldItalic.ttf */,
				6C172DB971DC411E915D3CD0 /* Lato-ExtraBold.ttf */,
				6B4E691FAF0742B68C8015A0 /* Lato-ExtraBoldItalic.ttf */,
				3F7759ED30124F968DFD842B /* Lato-ExtraLight.ttf */,
				D9CB5CEDC23F479CAF531A6D /* Lato-ExtraLightItalic.ttf */,
				ECA756824311422993838FD8 /* Lato-Italic.ttf */,
				DCDF96052AFF42C89F00B784 /* Lato-Light.ttf */,
				1EBEF32680B74AE08AF4577A /* Lato-LightItalic.ttf */,
				8B928961F7C34E0FA7AF369C /* Lato-Medium.ttf */,
				BA0D1CB1B30D4AC7861ABDD9 /* Lato-MediumItalic.ttf */,
				A640806CC2BF42F097DEF250 /* Lato-Regular.ttf */,
				6D587526A2484CC697C4615E /* Lato-SemiBold.ttf */,
				67E18B4810764411B7BF226F /* Lato-SemiBoldItalic.ttf */,
				B333DB02C8CC42B58B1C2713 /* Lato-Thin.ttf */,
				4E5F59427DAF4788897D2236 /* Lato-ThinItalic.ttf */,
				8EE8ECBC03B346DCA1E8B6AB /* Montserrat-Black.ttf */,
				7BD5FD9095994515AB70FE5B /* Montserrat-Bold.ttf */,
				DB76BCDE75A94B3B9EB1566B /* Montserrat-ExtraBold.ttf */,
				ED01E379C52949F7AE1E20EC /* Montserrat-ExtraLight.ttf */,
				CCBC1423F40547FCBBA71123 /* Montserrat-Light.ttf */,
				8C01C59EC6044C67863531E3 /* Montserrat-Medium.ttf */,
				2141A9B1FEB14FBC8FB58EE1 /* Montserrat-Regular.ttf */,
				0C73361FC06244B687F25D9B /* Montserrat-SemiBold.ttf */,
				D98DD5AAE27E4D3FBE8C5FD2 /* Montserrat-Thin.ttf */,
			);
			name = Resources;
			sourceTree = "<group>";
		};
		78C398B11ACF4ADC00677621 /* Products */ = {
			isa = PBXGroup;
			children = (
				78C398B91ACF4ADC00677621 /* libRCTLinking.a */,
				3DDA12F51DF144F700798975 /* libRCTLinking-tvOS.a */,
			);
			name = Products;
			sourceTree = "<group>";
		};
		832341AE1AAA6A7D00B99B32 /* Libraries */ = {
			isa = PBXGroup;
			children = (
				3D42FF311DF3927B005E065E /* RNRecorder.xcodeproj */,
				3DB9FF381DF2B70400FEE9B3 /* ReactNativeNavigation.xcodeproj */,
				3D387A931DF1627400EA7F3F /* Pods.xcodeproj */,
				146833FF1AC3E56700842450 /* React.xcodeproj */,
				00C302A71ABCB8CE00DB3ED1 /* RCTActionSheet.xcodeproj */,
				00C302B51ABCB90400DB3ED1 /* RCTGeolocation.xcodeproj */,
				00C302BB1ABCB91800DB3ED1 /* RCTImage.xcodeproj */,
				78C398B01ACF4ADC00677621 /* RCTLinking.xcodeproj */,
				00C302D31ABCB9D200DB3ED1 /* RCTNetwork.xcodeproj */,
				139105B61AF99BAD00B5F7CC /* RCTSettings.xcodeproj */,
				832341B01AAA6A8300B99B32 /* RCTText.xcodeproj */,
				00C302DF1ABCB9EE00DB3ED1 /* RCTVibration.xcodeproj */,
				139FDEE61B06529A00C62182 /* RCTWebSocket.xcodeproj */,
				9A6A7FCADA6E4C6EB3DE9C25 /* RCTVideo.xcodeproj */,
				D6267ECE7A454AFA8F855648 /* RCTCamera.xcodeproj */,
				14FFB1EE49244E9A9813F84B /* AutoGrowTextInput.xcodeproj */,
			);
			name = Libraries;
			sourceTree = "<group>";
		};
		832341B11AAA6A8300B99B32 /* Products */ = {
			isa = PBXGroup;
			children = (
				832341B51AAA6A8300B99B32 /* libRCTText.a */,
				3DDA13011DF144F700798975 /* libRCTText-tvOS.a */,
			);
			name = Products;
			sourceTree = "<group>";
		};
		83CBB9F61A601CBA00E9B192 = {
			isa = PBXGroup;
			children = (
				13B07FAE1A68108700A75B9A /* OurStory */,
				832341AE1AAA6A7D00B99B32 /* Libraries */,
				00E356EF1AD99517003FC87E /* OurStoryTests */,
				83CBBA001A601CBA00E9B192 /* Products */,
				CC879C0D42826DADA5BC4996 /* Pods */,
				2144C7EEE6B548A936C21DB4 /* Frameworks */,
				5EAA592D834A4377B784952E /* Resources */,
			);
			indentWidth = 2;
			sourceTree = "<group>";
			tabWidth = 2;
		};
		83CBBA001A601CBA00E9B192 /* Products */ = {
			isa = PBXGroup;
			children = (
				13B07F961A680F5B00A75B9A /* OurStory.app */,
				00E356EE1AD99517003FC87E /* OurStoryTests.xctest */,
			);
			name = Products;
			sourceTree = "<group>";
		};
		CC879C0D42826DADA5BC4996 /* Pods */ = {
			isa = PBXGroup;
			children = (
				69E25CD2A6659911A0BF48A6 /* Pods-OurStory.debug.xcconfig */,
				B170761F7BB0E0FE75C2B653 /* Pods-OurStory.release.xcconfig */,
			);
			name = Pods;
			sourceTree = "<group>";
		};
/* End PBXGroup section */

/* Begin PBXNativeTarget section */
		00E356ED1AD99517003FC87E /* OurStoryTests */ = {
			isa = PBXNativeTarget;
			buildConfigurationList = 00E357021AD99517003FC87E /* Build configuration list for PBXNativeTarget "OurStoryTests" */;
			buildPhases = (
				00E356EA1AD99517003FC87E /* Sources */,
				00E356EB1AD99517003FC87E /* Frameworks */,
				00E356EC1AD99517003FC87E /* Resources */,
			);
			buildRules = (
			);
			dependencies = (
				00E356F51AD99517003FC87E /* PBXTargetDependency */,
			);
			name = OurStoryTests;
			productName = OurStoryTests;
			productReference = 00E356EE1AD99517003FC87E /* OurStoryTests.xctest */;
			productType = "com.apple.product-type.bundle.unit-test";
		};
		13B07F861A680F5B00A75B9A /* OurStory */ = {
			isa = PBXNativeTarget;
			buildConfigurationList = 13B07F931A680F5B00A75B9A /* Build configuration list for PBXNativeTarget "OurStory" */;
			buildPhases = (
				D393BE8B6946A0248D17745B /* [CP] Check Pods Manifest.lock */,
				13B07F871A680F5B00A75B9A /* Sources */,
				13B07F8C1A680F5B00A75B9A /* Frameworks */,
				13B07F8E1A680F5B00A75B9A /* Resources */,
				00DD1BFF1BD5951E006B06BC /* Bundle React Native code and images */,
				BB7BBE7D662DFF2FBB3ADE8C /* [CP] Embed Pods Frameworks */,
				B095B824AA7B1493DFC68B03 /* [CP] Copy Pods Resources */,
			);
			buildRules = (
			);
			dependencies = (
			);
			name = OurStory;
			productName = "Hello World";
			productReference = 13B07F961A680F5B00A75B9A /* OurStory.app */;
			productType = "com.apple.product-type.application";
		};
/* End PBXNativeTarget section */

/* Begin PBXProject section */
		83CBB9F71A601CBA00E9B192 /* Project object */ = {
			isa = PBXProject;
			attributes = {
				LastUpgradeCheck = 610;
				ORGANIZATIONNAME = Facebook;
				TargetAttributes = {
					00E356ED1AD99517003FC87E = {
						CreatedOnToolsVersion = 6.2;
						TestTargetID = 13B07F861A680F5B00A75B9A;
					};
					13B07F861A680F5B00A75B9A = {
						DevelopmentTeam = 8YJ2342CPM;
					};
				};
			};
			buildConfigurationList = 83CBB9FA1A601CBA00E9B192 /* Build configuration list for PBXProject "OurStory" */;
			compatibilityVersion = "Xcode 3.2";
			developmentRegion = English;
			hasScannedForEncodings = 0;
			knownRegions = (
				en,
				Base,
			);
			mainGroup = 83CBB9F61A601CBA00E9B192;
			productRefGroup = 83CBBA001A601CBA00E9B192 /* Products */;
			projectDirPath = "";
			projectReferences = (
				{
					ProductGroup = 3D4668BF1DFA71E6005A5543 /* Products */;
					ProjectRef = 14FFB1EE49244E9A9813F84B /* AutoGrowTextInput.xcodeproj */;
				},
				{
					ProductGroup = 3D387A941DF1627400EA7F3F /* Products */;
					ProjectRef = 3D387A931DF1627400EA7F3F /* Pods.xcodeproj */;
				},
				{
					ProductGroup = 00C302A81ABCB8CE00DB3ED1 /* Products */;
					ProjectRef = 00C302A71ABCB8CE00DB3ED1 /* RCTActionSheet.xcodeproj */;
				},
				{
					ProductGroup = 3D42FF8B1DF397B8005E065E /* Products */;
					ProjectRef = D6267ECE7A454AFA8F855648 /* RCTCamera.xcodeproj */;
				},
				{
					ProductGroup = 00C302B61ABCB90400DB3ED1 /* Products */;
					ProjectRef = 00C302B51ABCB90400DB3ED1 /* RCTGeolocation.xcodeproj */;
				},
				{
					ProductGroup = 00C302BC1ABCB91800DB3ED1 /* Products */;
					ProjectRef = 00C302BB1ABCB91800DB3ED1 /* RCTImage.xcodeproj */;
				},
				{
					ProductGroup = 78C398B11ACF4ADC00677621 /* Products */;
					ProjectRef = 78C398B01ACF4ADC00677621 /* RCTLinking.xcodeproj */;
				},
				{
					ProductGroup = 00C302D41ABCB9D200DB3ED1 /* Products */;
					ProjectRef = 00C302D31ABCB9D200DB3ED1 /* RCTNetwork.xcodeproj */;
				},
				{
					ProductGroup = 139105B71AF99BAD00B5F7CC /* Products */;
					ProjectRef = 139105B61AF99BAD00B5F7CC /* RCTSettings.xcodeproj */;
				},
				{
					ProductGroup = 832341B11AAA6A8300B99B32 /* Products */;
					ProjectRef = 832341B01AAA6A8300B99B32 /* RCTText.xcodeproj */;
				},
				{
					ProductGroup = 00C302E01ABCB9EE00DB3ED1 /* Products */;
					ProjectRef = 00C302DF1ABCB9EE00DB3ED1 /* RCTVibration.xcodeproj */;
				},
				{
					ProductGroup = 3D42FF611DF3950B005E065E /* Products */;
					ProjectRef = 9A6A7FCADA6E4C6EB3DE9C25 /* RCTVideo.xcodeproj */;
				},
				{
					ProductGroup = 139FDEE71B06529A00C62182 /* Products */;
					ProjectRef = 139FDEE61B06529A00C62182 /* RCTWebSocket.xcodeproj */;
				},
				{
					ProductGroup = 146834001AC3E56700842450 /* Products */;
					ProjectRef = 146833FF1AC3E56700842450 /* React.xcodeproj */;
				},
				{
					ProductGroup = 3DB9FF391DF2B70400FEE9B3 /* Products */;
					ProjectRef = 3DB9FF381DF2B70400FEE9B3 /* ReactNativeNavigation.xcodeproj */;
				},
				{
					ProductGroup = 3D42FF321DF3927B005E065E /* Products */;
					ProjectRef = 3D42FF311DF3927B005E065E /* RNRecorder.xcodeproj */;
				},
			);
			projectRoot = "";
			targets = (
				13B07F861A680F5B00A75B9A /* OurStory */,
				00E356ED1AD99517003FC87E /* OurStoryTests */,
			);
		};
/* End PBXProject section */

/* Begin PBXReferenceProxy section */
		00C302AC1ABCB8CE00DB3ED1 /* libRCTActionSheet.a */ = {
			isa = PBXReferenceProxy;
			fileType = archive.ar;
			path = libRCTActionSheet.a;
			remoteRef = 00C302AB1ABCB8CE00DB3ED1 /* PBXContainerItemProxy */;
			sourceTree = BUILT_PRODUCTS_DIR;
		};
		00C302BA1ABCB90400DB3ED1 /* libRCTGeolocation.a */ = {
			isa = PBXReferenceProxy;
			fileType = archive.ar;
			path = libRCTGeolocation.a;
			remoteRef = 00C302B91ABCB90400DB3ED1 /* PBXContainerItemProxy */;
			sourceTree = BUILT_PRODUCTS_DIR;
		};
		00C302C01ABCB91800DB3ED1 /* libRCTImage.a */ = {
			isa = PBXReferenceProxy;
			fileType = archive.ar;
			path = libRCTImage.a;
			remoteRef = 00C302BF1ABCB91800DB3ED1 /* PBXContainerItemProxy */;
			sourceTree = BUILT_PRODUCTS_DIR;
		};
		00C302DC1ABCB9D200DB3ED1 /* libRCTNetwork.a */ = {
			isa = PBXReferenceProxy;
			fileType = archive.ar;
			path = libRCTNetwork.a;
			remoteRef = 00C302DB1ABCB9D200DB3ED1 /* PBXContainerItemProxy */;
			sourceTree = BUILT_PRODUCTS_DIR;
		};
		00C302E41ABCB9EE00DB3ED1 /* libRCTVibration.a */ = {
			isa = PBXReferenceProxy;
			fileType = archive.ar;
			path = libRCTVibration.a;
			remoteRef = 00C302E31ABCB9EE00DB3ED1 /* PBXContainerItemProxy */;
			sourceTree = BUILT_PRODUCTS_DIR;
		};
		139105C11AF99BAD00B5F7CC /* libRCTSettings.a */ = {
			isa = PBXReferenceProxy;
			fileType = archive.ar;
			path = libRCTSettings.a;
			remoteRef = 139105C01AF99BAD00B5F7CC /* PBXContainerItemProxy */;
			sourceTree = BUILT_PRODUCTS_DIR;
		};
		139FDEF41B06529B00C62182 /* libRCTWebSocket.a */ = {
			isa = PBXReferenceProxy;
			fileType = archive.ar;
			path = libRCTWebSocket.a;
			remoteRef = 139FDEF31B06529B00C62182 /* PBXContainerItemProxy */;
			sourceTree = BUILT_PRODUCTS_DIR;
		};
		146834041AC3E56700842450 /* libReact.a */ = {
			isa = PBXReferenceProxy;
			fileType = archive.ar;
			path = libReact.a;
			remoteRef = 146834031AC3E56700842450 /* PBXContainerItemProxy */;
			sourceTree = BUILT_PRODUCTS_DIR;
		};
		3D387A991DF1627500EA7F3F /* Pods_OurStory.framework */ = {
			isa = PBXReferenceProxy;
			fileType = wrapper.framework;
			path = Pods_OurStory.framework;
			remoteRef = 3D387A981DF1627500EA7F3F /* PBXContainerItemProxy */;
			sourceTree = BUILT_PRODUCTS_DIR;
		};
		3D387A9B1DF1627500EA7F3F /* React.framework */ = {
			isa = PBXReferenceProxy;
			fileType = wrapper.framework;
			path = React.framework;
			remoteRef = 3D387A9A1DF1627500EA7F3F /* PBXContainerItemProxy */;
			sourceTree = BUILT_PRODUCTS_DIR;
		};
		3D42FF4C1DF3927B005E065E /* libRNRecorder.a */ = {
			isa = PBXReferenceProxy;
			fileType = archive.ar;
			path = libRNRecorder.a;
			remoteRef = 3D42FF4B1DF3927B005E065E /* PBXContainerItemProxy */;
			sourceTree = BUILT_PRODUCTS_DIR;
		};
		3D42FF4E1DF3927B005E065E /* RNRecorderTests.xctest */ = {
			isa = PBXReferenceProxy;
			fileType = wrapper.cfbundle;
			path = RNRecorderTests.xctest;
			remoteRef = 3D42FF4D1DF3927B005E065E /* PBXContainerItemProxy */;
			sourceTree = BUILT_PRODUCTS_DIR;
		};
		3D42FF741DF3950B005E065E /* libRCTVideo.a */ = {
			isa = PBXReferenceProxy;
			fileType = archive.ar;
			path = libRCTVideo.a;
			remoteRef = 3D42FF731DF3950B005E065E /* PBXContainerItemProxy */;
			sourceTree = BUILT_PRODUCTS_DIR;
		};
		3D42FF921DF397B8005E065E /* libRCTCamera.a */ = {
			isa = PBXReferenceProxy;
			fileType = archive.ar;
			path = libRCTCamera.a;
			remoteRef = 3D42FF911DF397B8005E065E /* PBXContainerItemProxy */;
			sourceTree = BUILT_PRODUCTS_DIR;
		};
		3D4668C31DFA71E6005A5543 /* libAutoGrowTextInput.a */ = {
			isa = PBXReferenceProxy;
			fileType = archive.ar;
			path = libAutoGrowTextInput.a;
			remoteRef = 3D4668C21DFA71E6005A5543 /* PBXContainerItemProxy */;
			sourceTree = BUILT_PRODUCTS_DIR;
		};
		3DB9FF501DF2B70400FEE9B3 /* libReactNativeNavigation.a */ = {
			isa = PBXReferenceProxy;
			fileType = archive.ar;
			path = libReactNativeNavigation.a;
			remoteRef = 3DB9FF4F1DF2B70400FEE9B3 /* PBXContainerItemProxy */;
			sourceTree = BUILT_PRODUCTS_DIR;
		};
		3DDA12F11DF144F700798975 /* libRCTImage-tvOS.a */ = {
			isa = PBXReferenceProxy;
			fileType = archive.ar;
			path = "libRCTImage-tvOS.a";
			remoteRef = 3DDA12F01DF144F700798975 /* PBXContainerItemProxy */;
			sourceTree = BUILT_PRODUCTS_DIR;
		};
		3DDA12F51DF144F700798975 /* libRCTLinking-tvOS.a */ = {
			isa = PBXReferenceProxy;
			fileType = archive.ar;
			path = "libRCTLinking-tvOS.a";
			remoteRef = 3DDA12F41DF144F700798975 /* PBXContainerItemProxy */;
			sourceTree = BUILT_PRODUCTS_DIR;
		};
		3DDA12F91DF144F700798975 /* libRCTNetwork-tvOS.a */ = {
			isa = PBXReferenceProxy;
			fileType = archive.ar;
			path = "libRCTNetwork-tvOS.a";
			remoteRef = 3DDA12F81DF144F700798975 /* PBXContainerItemProxy */;
			sourceTree = BUILT_PRODUCTS_DIR;
		};
		3DDA12FD1DF144F700798975 /* libRCTSettings-tvOS.a */ = {
			isa = PBXReferenceProxy;
			fileType = archive.ar;
			path = "libRCTSettings-tvOS.a";
			remoteRef = 3DDA12FC1DF144F700798975 /* PBXContainerItemProxy */;
			sourceTree = BUILT_PRODUCTS_DIR;
		};
		3DDA13011DF144F700798975 /* libRCTText-tvOS.a */ = {
			isa = PBXReferenceProxy;
			fileType = archive.ar;
			path = "libRCTText-tvOS.a";
			remoteRef = 3DDA13001DF144F700798975 /* PBXContainerItemProxy */;
			sourceTree = BUILT_PRODUCTS_DIR;
		};
		3DDA13061DF144F700798975 /* libRCTWebSocket-tvOS.a */ = {
			isa = PBXReferenceProxy;
			fileType = archive.ar;
			path = "libRCTWebSocket-tvOS.a";
			remoteRef = 3DDA13051DF144F700798975 /* PBXContainerItemProxy */;
			sourceTree = BUILT_PRODUCTS_DIR;
		};
		3DDA130A1DF144F700798975 /* libReact-tvOS.a */ = {
			isa = PBXReferenceProxy;
			fileType = archive.ar;
			path = "libReact-tvOS.a";
			remoteRef = 3DDA13091DF144F700798975 /* PBXContainerItemProxy */;
			sourceTree = BUILT_PRODUCTS_DIR;
		};
		78C398B91ACF4ADC00677621 /* libRCTLinking.a */ = {
			isa = PBXReferenceProxy;
			fileType = archive.ar;
			path = libRCTLinking.a;
			remoteRef = 78C398B81ACF4ADC00677621 /* PBXContainerItemProxy */;
			sourceTree = BUILT_PRODUCTS_DIR;
		};
		832341B51AAA6A8300B99B32 /* libRCTText.a */ = {
			isa = PBXReferenceProxy;
			fileType = archive.ar;
			path = libRCTText.a;
			remoteRef = 832341B41AAA6A8300B99B32 /* PBXContainerItemProxy */;
			sourceTree = BUILT_PRODUCTS_DIR;
		};
/* End PBXReferenceProxy section */

/* Begin PBXResourcesBuildPhase section */
		00E356EC1AD99517003FC87E /* Resources */ = {
			isa = PBXResourcesBuildPhase;
			buildActionMask = 2147483647;
			files = (
			);
			runOnlyForDeploymentPostprocessing = 0;
		};
		13B07F8E1A680F5B00A75B9A /* Resources */ = {
			isa = PBXResourcesBuildPhase;
			buildActionMask = 2147483647;
			files = (
				13B07FBF1A68108700A75B9A /* Images.xcassets in Resources */,
				13B07FBD1A68108700A75B9A /* LaunchScreen.xib in Resources */,
				6ABD461FDCBB45E3A3719A54 /* Lato-Black.ttf in Resources */,
				8BA703F4FC6F4CB4A019B35B /* Lato-BlackItalic.ttf in Resources */,
				4D53D08846F94E4DA8D0AD19 /* Lato-Bold.ttf in Resources */,
				09E29C6C2E8E420D8FBB3B84 /* Lato-BoldItalic.ttf in Resources */,
				094857B2708F444880FD32CA /* Lato-ExtraBold.ttf in Resources */,
				F896E7747A85477FAB870F93 /* Lato-ExtraBoldItalic.ttf in Resources */,
				024C93F938974626811F8C8C /* Lato-ExtraLight.ttf in Resources */,
				D2E634F170A045CBA3CE7C54 /* Lato-ExtraLightItalic.ttf in Resources */,
				2B40447DE0294F84A37D7E5A /* Lato-Italic.ttf in Resources */,
				E963DE0038AD4493AB94D6CD /* Lato-Light.ttf in Resources */,
				C32F74C3971A448F990A707E /* Lato-LightItalic.ttf in Resources */,
				AE576B570F6049B995EE9416 /* Lato-Medium.ttf in Resources */,
				8F20B1E7B9064A5B8C602B8D /* Lato-MediumItalic.ttf in Resources */,
				99B86D258DDE45EBBBFDC5B4 /* Lato-Regular.ttf in Resources */,
				E5321B0A19CA43539A808720 /* Lato-SemiBold.ttf in Resources */,
				5F48901695F54692A53E5E59 /* Lato-SemiBoldItalic.ttf in Resources */,
				146A13B9D9DF49658962D224 /* Lato-Thin.ttf in Resources */,
				AFA80AC5E4234225BDDAB15D /* Lato-ThinItalic.ttf in Resources */,
				129962D137F24719B03A98F8 /* Montserrat-Black.ttf in Resources */,
				E9B605A36F904F4FAB261BAF /* Montserrat-Bold.ttf in Resources */,
				D4657C00C82D4A3DAE00D5F8 /* Montserrat-ExtraBold.ttf in Resources */,
				50634A8952834FCF824AEF37 /* Montserrat-ExtraLight.ttf in Resources */,
				84E3F88F6A394A9FBDA215D8 /* Montserrat-Light.ttf in Resources */,
				1BD3C65B8EE6467799CFEB8E /* Montserrat-Medium.ttf in Resources */,
				DE4F816E0E904878A01210DC /* Montserrat-Regular.ttf in Resources */,
				88E5CE15928549ACA5756CB2 /* Montserrat-SemiBold.ttf in Resources */,
				35436BF4986048298936B3B8 /* Montserrat-Thin.ttf in Resources */,
			);
			runOnlyForDeploymentPostprocessing = 0;
		};
/* End PBXResourcesBuildPhase section */

/* Begin PBXShellScriptBuildPhase section */
		00DD1BFF1BD5951E006B06BC /* Bundle React Native code and images */ = {
			isa = PBXShellScriptBuildPhase;
			buildActionMask = 2147483647;
			files = (
			);
			inputPaths = (
			);
			name = "Bundle React Native code and images";
			outputPaths = (
			);
			runOnlyForDeploymentPostprocessing = 0;
			shellPath = /bin/sh;
			shellScript = "export NODE_BINARY=node\n../node_modules/react-native/packager/react-native-xcode.sh";
		};
		B095B824AA7B1493DFC68B03 /* [CP] Copy Pods Resources */ = {
			isa = PBXShellScriptBuildPhase;
			buildActionMask = 2147483647;
			files = (
			);
			inputPaths = (
			);
			name = "[CP] Copy Pods Resources";
			outputPaths = (
			);
			runOnlyForDeploymentPostprocessing = 0;
			shellPath = /bin/sh;
			shellScript = "\"${SRCROOT}/../Pods/Target Support Files/Pods-OurStory/Pods-OurStory-resources.sh\"\n";
			showEnvVarsInLog = 0;
		};
		BB7BBE7D662DFF2FBB3ADE8C /* [CP] Embed Pods Frameworks */ = {
			isa = PBXShellScriptBuildPhase;
			buildActionMask = 2147483647;
			files = (
			);
			inputPaths = (
			);
			name = "[CP] Embed Pods Frameworks";
			outputPaths = (
			);
			runOnlyForDeploymentPostprocessing = 0;
			shellPath = /bin/sh;
			shellScript = "\"${SRCROOT}/../Pods/Target Support Files/Pods-OurStory/Pods-OurStory-frameworks.sh\"\n";
			showEnvVarsInLog = 0;
		};
		D393BE8B6946A0248D17745B /* [CP] Check Pods Manifest.lock */ = {
			isa = PBXShellScriptBuildPhase;
			buildActionMask = 2147483647;
			files = (
			);
			inputPaths = (
			);
			name = "[CP] Check Pods Manifest.lock";
			outputPaths = (
			);
			runOnlyForDeploymentPostprocessing = 0;
			shellPath = /bin/sh;
			shellScript = "diff \"${PODS_ROOT}/../Podfile.lock\" \"${PODS_ROOT}/Manifest.lock\" > /dev/null\nif [ $? != 0 ] ; then\n    # print error to STDERR\n    echo \"error: The sandbox is not in sync with the Podfile.lock. Run 'pod install' or update your CocoaPods installation.\" >&2\n    exit 1\nfi\n";
			showEnvVarsInLog = 0;
		};
/* End PBXShellScriptBuildPhase section */

/* Begin PBXSourcesBuildPhase section */
		00E356EA1AD99517003FC87E /* Sources */ = {
			isa = PBXSourcesBuildPhase;
			buildActionMask = 2147483647;
			files = (
				00E356F31AD99517003FC87E /* OurStoryTests.m in Sources */,
			);
			runOnlyForDeploymentPostprocessing = 0;
		};
		13B07F871A680F5B00A75B9A /* Sources */ = {
			isa = PBXSourcesBuildPhase;
			buildActionMask = 2147483647;
			files = (
				13B07FBC1A68108700A75B9A /* AppDelegate.m in Sources */,
				13B07FC11A68108700A75B9A /* main.m in Sources */,
			);
			runOnlyForDeploymentPostprocessing = 0;
		};
/* End PBXSourcesBuildPhase section */

/* Begin PBXTargetDependency section */
		00E356F51AD99517003FC87E /* PBXTargetDependency */ = {
			isa = PBXTargetDependency;
			target = 13B07F861A680F5B00A75B9A /* OurStory */;
			targetProxy = 00E356F41AD99517003FC87E /* PBXContainerItemProxy */;
		};
/* End PBXTargetDependency section */

/* Begin PBXVariantGroup section */
		13B07FB11A68108700A75B9A /* LaunchScreen.xib */ = {
			isa = PBXVariantGroup;
			children = (
				13B07FB21A68108700A75B9A /* Base */,
			);
			name = LaunchScreen.xib;
			path = OurStory;
			sourceTree = "<group>";
		};
/* End PBXVariantGroup section */

/* Begin XCBuildConfiguration section */
		00E356F61AD99517003FC87E /* Debug */ = {
			isa = XCBuildConfiguration;
			buildSettings = {
				BUNDLE_LOADER = "$(TEST_HOST)";
				GCC_PREPROCESSOR_DEFINITIONS = (
					"DEBUG=1",
					"$(inherited)",
				);
				INFOPLIST_FILE = OurStoryTests/Info.plist;
				IPHONEOS_DEPLOYMENT_TARGET = 8.0;
				LD_RUNPATH_SEARCH_PATHS = "$(inherited) @executable_path/Frameworks @loader_path/Frameworks";
				LIBRARY_SEARCH_PATHS = (
					"$(inherited)",
					"\"$(SRCROOT)/$(TARGET_NAME)\"",
					"\"$(SRCROOT)/$(TARGET_NAME)\"",
					"\"$(SRCROOT)/$(TARGET_NAME)\"",
					"\"$(SRCROOT)/$(TARGET_NAME)\"",
				);
				PRODUCT_NAME = "$(TARGET_NAME)";
				TEST_HOST = "$(BUILT_PRODUCTS_DIR)/OurStory.app/OurStory";
			};
			name = Debug;
		};
		00E356F71AD99517003FC87E /* Release */ = {
			isa = XCBuildConfiguration;
			buildSettings = {
				BUNDLE_LOADER = "$(TEST_HOST)";
				COPY_PHASE_STRIP = NO;
				INFOPLIST_FILE = OurStoryTests/Info.plist;
				IPHONEOS_DEPLOYMENT_TARGET = 8.0;
				LD_RUNPATH_SEARCH_PATHS = "$(inherited) @executable_path/Frameworks @loader_path/Frameworks";
				LIBRARY_SEARCH_PATHS = (
					"$(inherited)",
					"\"$(SRCROOT)/$(TARGET_NAME)\"",
					"\"$(SRCROOT)/$(TARGET_NAME)\"",
					"\"$(SRCROOT)/$(TARGET_NAME)\"",
					"\"$(SRCROOT)/$(TARGET_NAME)\"",
				);
				PRODUCT_NAME = "$(TARGET_NAME)";
				TEST_HOST = "$(BUILT_PRODUCTS_DIR)/OurStory.app/OurStory";
			};
			name = Release;
		};
		13B07F941A680F5B00A75B9A /* Debug */ = {
			isa = XCBuildConfiguration;
			baseConfigurationReference = 69E25CD2A6659911A0BF48A6 /* Pods-OurStory.debug.xcconfig */;
			buildSettings = {
				ASSETCATALOG_COMPILER_APPICON_NAME = AppIcon;
				CURRENT_PROJECT_VERSION = 1;
				DEAD_CODE_STRIPPING = NO;
				DEVELOPMENT_TEAM = 8YJ2342CPM;
				HEADER_SEARCH_PATHS = (
					"$(inherited)",
					/Applications/Xcode.app/Contents/Developer/Toolchains/XcodeDefault.xctoolchain/usr/include,
					"$(SRCROOT)/../node_modules/react-native/React/**",
					"$(SRCROOT)/../node_modules/react-native-navigation/ios/**",
					"$(SRCROOT)/../node_modules/react-native-video",
					"$(SRCROOT)/../node_modules/react-native-camera/ios",
					"$(SRCROOT)/../node_modules/react-native-autogrow-textinput/ios",
				);
				INFOPLIST_FILE = OurStory/Info.plist;
				IPHONEOS_DEPLOYMENT_TARGET = 10.1;
				LD_RUNPATH_SEARCH_PATHS = "$(inherited) @executable_path/Frameworks";
				OTHER_LDFLAGS = (
					"$(inherited)",
					"-ObjC",
					"-lc++",
				);
				PRODUCT_BUNDLE_IDENTIFIER = edu.stanford.cs147.OurStory;
				PRODUCT_NAME = OurStory;
				TARGETED_DEVICE_FAMILY = 1;
				VERSIONING_SYSTEM = "apple-generic";
			};
			name = Debug;
		};
		13B07F951A680F5B00A75B9A /* Release */ = {
			isa = XCBuildConfiguration;
			baseConfigurationReference = B170761F7BB0E0FE75C2B653 /* Pods-OurStory.release.xcconfig */;
			buildSettings = {
				ASSETCATALOG_COMPILER_APPICON_NAME = AppIcon;
				CURRENT_PROJECT_VERSION = 1;
				DEVELOPMENT_TEAM = 8YJ2342CPM;
				HEADER_SEARCH_PATHS = (
					"$(inherited)",
					/Applications/Xcode.app/Contents/Developer/Toolchains/XcodeDefault.xctoolchain/usr/include,
					"$(SRCROOT)/../node_modules/react-native/React/**",
					"$(SRCROOT)/../node_modules/react-native-navigation/ios/**",
					"$(SRCROOT)/../node_modules/react-native-video",
					"$(SRCROOT)/../node_modules/react-native-camera/ios",
					"$(SRCROOT)/../node_modules/react-native-autogrow-textinput/ios",
				);
				INFOPLIST_FILE = OurStory/Info.plist;
				IPHONEOS_DEPLOYMENT_TARGET = 10.1;
				LD_RUNPATH_SEARCH_PATHS = "$(inherited) @executable_path/Frameworks";
				OTHER_LDFLAGS = (
					"$(inherited)",
					"-ObjC",
					"-lc++",
				);
				PRODUCT_BUNDLE_IDENTIFIER = edu.stanford.cs147.OurStory;
				PRODUCT_NAME = OurStory;
				TARGETED_DEVICE_FAMILY = 1;
				VERSIONING_SYSTEM = "apple-generic";
			};
			name = Release;
		};
		83CBBA201A601CBA00E9B192 /* Debug */ = {
			isa = XCBuildConfiguration;
			buildSettings = {
				ALWAYS_SEARCH_USER_PATHS = NO;
				CLANG_CXX_LANGUAGE_STANDARD = "gnu++0x";
				CLANG_CXX_LIBRARY = "libc++";
				CLANG_ENABLE_MODULES = YES;
				CLANG_ENABLE_OBJC_ARC = YES;
				CLANG_WARN_BOOL_CONVERSION = YES;
				CLANG_WARN_CONSTANT_CONVERSION = YES;
				CLANG_WARN_DIRECT_OBJC_ISA_USAGE = YES_ERROR;
				CLANG_WARN_EMPTY_BODY = YES;
				CLANG_WARN_ENUM_CONVERSION = YES;
				CLANG_WARN_INT_CONVERSION = YES;
				CLANG_WARN_OBJC_ROOT_CLASS = YES_ERROR;
				CLANG_WARN_UNREACHABLE_CODE = YES;
				CLANG_WARN__DUPLICATE_METHOD_MATCH = YES;
				"CODE_SIGN_IDENTITY[sdk=iphoneos*]" = "iPhone Developer";
				COPY_PHASE_STRIP = NO;
				ENABLE_STRICT_OBJC_MSGSEND = YES;
				GCC_C_LANGUAGE_STANDARD = gnu99;
				GCC_DYNAMIC_NO_PIC = NO;
				GCC_OPTIMIZATION_LEVEL = 0;
				GCC_PREPROCESSOR_DEFINITIONS = (
					"DEBUG=1",
					"$(inherited)",
				);
				GCC_SYMBOLS_PRIVATE_EXTERN = NO;
				GCC_WARN_64_TO_32_BIT_CONVERSION = YES;
				GCC_WARN_ABOUT_RETURN_TYPE = YES_ERROR;
				GCC_WARN_UNDECLARED_SELECTOR = YES;
				GCC_WARN_UNINITIALIZED_AUTOS = YES_AGGRESSIVE;
				GCC_WARN_UNUSED_FUNCTION = YES;
				GCC_WARN_UNUSED_VARIABLE = YES;
				HEADER_SEARCH_PATHS = (
					"$(inherited)",
					/Applications/Xcode.app/Contents/Developer/Toolchains/XcodeDefault.xctoolchain/usr/include,
					"$(SRCROOT)/../node_modules/react-native/React/**",
					"$(SRCROOT)/../node_modules/react-native-maps/ios/**",
					"$(SRCROOT)/../node_modules/react-native-video",
					"$(SRCROOT)/../node_modules/react-native-camera/ios",
					"$(SRCROOT)/../node_modules/react-native-autogrow-textinput/ios",
				);
				MTL_ENABLE_DEBUG_INFO = YES;
				ONLY_ACTIVE_ARCH = YES;
				SDKROOT = iphoneos;
			};
			name = Debug;
		};
		83CBBA211A601CBA00E9B192 /* Release */ = {
			isa = XCBuildConfiguration;
			buildSettings = {
				ALWAYS_SEARCH_USER_PATHS = NO;
				CLANG_CXX_LANGUAGE_STANDARD = "gnu++0x";
				CLANG_CXX_LIBRARY = "libc++";
				CLANG_ENABLE_MODULES = YES;
				CLANG_ENABLE_OBJC_ARC = YES;
				CLANG_WARN_BOOL_CONVERSION = YES;
				CLANG_WARN_CONSTANT_CONVERSION = YES;
				CLANG_WARN_DIRECT_OBJC_ISA_USAGE = YES_ERROR;
				CLANG_WARN_EMPTY_BODY = YES;
				CLANG_WARN_ENUM_CONVERSION = YES;
				CLANG_WARN_INT_CONVERSION = YES;
				CLANG_WARN_OBJC_ROOT_CLASS = YES_ERROR;
				CLANG_WARN_UNREACHABLE_CODE = YES;
				CLANG_WARN__DUPLICATE_METHOD_MATCH = YES;
				"CODE_SIGN_IDENTITY[sdk=iphoneos*]" = "iPhone Developer";
				COPY_PHASE_STRIP = YES;
				ENABLE_NS_ASSERTIONS = NO;
				ENABLE_STRICT_OBJC_MSGSEND = YES;
				GCC_C_LANGUAGE_STANDARD = gnu99;
				GCC_WARN_64_TO_32_BIT_CONVERSION = YES;
				GCC_WARN_ABOUT_RETURN_TYPE = YES_ERROR;
				GCC_WARN_UNDECLARED_SELECTOR = YES;
				GCC_WARN_UNINITIALIZED_AUTOS = YES_AGGRESSIVE;
				GCC_WARN_UNUSED_FUNCTION = YES;
				GCC_WARN_UNUSED_VARIABLE = YES;
				HEADER_SEARCH_PATHS = (
					"$(inherited)",
					/Applications/Xcode.app/Contents/Developer/Toolchains/XcodeDefault.xctoolchain/usr/include,
					"$(SRCROOT)/../node_modules/react-native/React/**",
					"$(SRCROOT)/../node_modules/react-native-maps/ios/**",
					"$(SRCROOT)/../node_modules/react-native-video",
					"$(SRCROOT)/../node_modules/react-native-camera/ios",
					"$(SRCROOT)/../node_modules/react-native-autogrow-textinput/ios",
				);
				MTL_ENABLE_DEBUG_INFO = NO;
				SDKROOT = iphoneos;
				VALIDATE_PRODUCT = YES;
			};
			name = Release;
		};
/* End XCBuildConfiguration section */

/* Begin XCConfigurationList section */
		00E357021AD99517003FC87E /* Build configuration list for PBXNativeTarget "OurStoryTests" */ = {
			isa = XCConfigurationList;
			buildConfigurations = (
				00E356F61AD99517003FC87E /* Debug */,
				00E356F71AD99517003FC87E /* Release */,
			);
			defaultConfigurationIsVisible = 0;
			defaultConfigurationName = Release;
		};
		13B07F931A680F5B00A75B9A /* Build configuration list for PBXNativeTarget "OurStory" */ = {
			isa = XCConfigurationList;
			buildConfigurations = (
				13B07F941A680F5B00A75B9A /* Debug */,
				13B07F951A680F5B00A75B9A /* Release */,
			);
			defaultConfigurationIsVisible = 0;
			defaultConfigurationName = Release;
		};
		83CBB9FA1A601CBA00E9B192 /* Build configuration list for PBXProject "OurStory" */ = {
			isa = XCConfigurationList;
			buildConfigurations = (
				83CBBA201A601CBA00E9B192 /* Debug */,
				83CBBA211A601CBA00E9B192 /* Release */,
			);
			defaultConfigurationIsVisible = 0;
			defaultConfigurationName = Release;
		};
/* End XCConfigurationList section */
	};
	rootObject = 83CBB9F71A601CBA00E9B192 /* Project object */;
}
